// !$*UTF8*$!
{
	archiveVersion = 1;
	classes = {
	};
	objectVersion = 55;
	objects = {

/* Begin PBXBuildFile section */
		F48743B2287A9D67005FC5B9 /* AppDelegate.swift in Sources */ = {isa = PBXBuildFile; fileRef = F48743B1287A9D67005FC5B9 /* AppDelegate.swift */; };
		F48743B6287A9D67005FC5B9 /* ViewController.swift in Sources */ = {isa = PBXBuildFile; fileRef = F48743B5287A9D67005FC5B9 /* ViewController.swift */; };
		F48743B9287A9D67005FC5B9 /* Main.storyboard in Resources */ = {isa = PBXBuildFile; fileRef = F48743B7287A9D67005FC5B9 /* Main.storyboard */; };
		F48743BB287A9D69005FC5B9 /* Assets.xcassets in Resources */ = {isa = PBXBuildFile; fileRef = F48743BA287A9D69005FC5B9 /* Assets.xcassets */; };
		F48743BE287A9D69005FC5B9 /* LaunchScreen.storyboard in Resources */ = {isa = PBXBuildFile; fileRef = F48743BC287A9D69005FC5B9 /* LaunchScreen.storyboard */; };
		F48743D3287A9D69005FC5B9 /* CollectionViewDemoUITests.swift in Sources */ = {isa = PBXBuildFile; fileRef = F48743D2287A9D69005FC5B9 /* CollectionViewDemoUITests.swift */; };
		F48743D5287A9D69005FC5B9 /* CollectionViewDemoUITestsLaunchTests.swift in Sources */ = {isa = PBXBuildFile; fileRef = F48743D4287A9D69005FC5B9 /* CollectionViewDemoUITestsLaunchTests.swift */; };
		F48743E2287A9E87005FC5B9 /* MyCollectionViewCell.swift in Sources */ = {isa = PBXBuildFile; fileRef = F48743E1287A9E87005FC5B9 /* MyCollectionViewCell.swift */; };
		F48743E6287C495B005FC5B9 /* CollectionViewTests.swift in Sources */ = {isa = PBXBuildFile; fileRef = F48743E5287C495B005FC5B9 /* CollectionViewTests.swift */; };
		F48743E9287C574F005FC5B9 /* SceneDelegate.swift in Sources */ = {isa = PBXBuildFile; fileRef = F48743E8287C574F005FC5B9 /* SceneDelegate.swift */; };
/* End PBXBuildFile section */

/* Begin PBXContainerItemProxy section */
		F48743C5287A9D69005FC5B9 /* PBXContainerItemProxy */ = {
			isa = PBXContainerItemProxy;
			containerPortal = F48743A6287A9D67005FC5B9 /* Project object */;
			proxyType = 1;
			remoteGlobalIDString = F48743AD287A9D67005FC5B9;
			remoteInfo = CollectionViewDemo;
		};
		F48743CF287A9D69005FC5B9 /* PBXContainerItemProxy */ = {
			isa = PBXContainerItemProxy;
			containerPortal = F48743A6287A9D67005FC5B9 /* Project object */;
			proxyType = 1;
			remoteGlobalIDString = F48743AD287A9D67005FC5B9;
			remoteInfo = CollectionViewDemo;
		};
/* End PBXContainerItemProxy section */

/* Begin PBXFileReference section */
		F48743AE287A9D67005FC5B9 /* CollectionViewDemo.app */ = {isa = PBXFileReference; explicitFileType = wrapper.application; includeInIndex = 0; path = CollectionViewDemo.app; sourceTree = BUILT_PRODUCTS_DIR; };
		F48743B1287A9D67005FC5B9 /* AppDelegate.swift */ = {isa = PBXFileReference; lastKnownFileType = sourcecode.swift; path = AppDelegate.swift; sourceTree = "<group>"; };
		F48743B5287A9D67005FC5B9 /* ViewController.swift */ = {isa = PBXFileReference; lastKnownFileType = sourcecode.swift; path = ViewController.swift; sourceTree = "<group>"; };
		F48743B8287A9D67005FC5B9 /* Base */ = {isa = PBXFileReference; lastKnownFileType = file.storyboard; name = Base; path = Base.lproj/Main.storyboard; sourceTree = "<group>"; };
		F48743BA287A9D69005FC5B9 /* Assets.xcassets */ = {isa = PBXFileReference; lastKnownFileType = folder.assetcatalog; path = Assets.xcassets; sourceTree = "<group>"; };
		F48743BD287A9D69005FC5B9 /* Base */ = {isa = PBXFileReference; lastKnownFileType = file.storyboard; name = Base; path = Base.lproj/LaunchScreen.storyboard; sourceTree = "<group>"; };
		F48743BF287A9D69005FC5B9 /* Info.plist */ = {isa = PBXFileReference; lastKnownFileType = text.plist.xml; path = Info.plist; sourceTree = "<group>"; };
		F48743C4287A9D69005FC5B9 /* CollectionViewDemoTests.xctest */ = {isa = PBXFileReference; explicitFileType = wrapper.cfbundle; includeInIndex = 0; path = CollectionViewDemoTests.xctest; sourceTree = BUILT_PRODUCTS_DIR; };
		F48743CE287A9D69005FC5B9 /* CollectionViewDemoUITests.xctest */ = {isa = PBXFileReference; explicitFileType = wrapper.cfbundle; includeInIndex = 0; path = CollectionViewDemoUITests.xctest; sourceTree = BUILT_PRODUCTS_DIR; };
		F48743D2287A9D69005FC5B9 /* CollectionViewDemoUITests.swift */ = {isa = PBXFileReference; lastKnownFileType = sourcecode.swift; path = CollectionViewDemoUITests.swift; sourceTree = "<group>"; };
		F48743D4287A9D69005FC5B9 /* CollectionViewDemoUITestsLaunchTests.swift */ = {isa = PBXFileReference; lastKnownFileType = sourcecode.swift; path = CollectionViewDemoUITestsLaunchTests.swift; sourceTree = "<group>"; };
		F48743E1287A9E87005FC5B9 /* MyCollectionViewCell.swift */ = {isa = PBXFileReference; lastKnownFileType = sourcecode.swift; path = MyCollectionViewCell.swift; sourceTree = "<group>"; };
		F48743E5287C495B005FC5B9 /* CollectionViewTests.swift */ = {isa = PBXFileReference; lastKnownFileType = sourcecode.swift; path = CollectionViewTests.swift; sourceTree = "<group>"; };
		F48743E8287C574F005FC5B9 /* SceneDelegate.swift */ = {isa = PBXFileReference; lastKnownFileType = sourcecode.swift; path = SceneDelegate.swift; sourceTree = "<group>"; };
/* End PBXFileReference section */

/* Begin PBXFrameworksBuildPhase section */
		F48743AB287A9D67005FC5B9 /* Frameworks */ = {
			isa = PBXFrameworksBuildPhase;
			buildActionMask = 2147483647;
			files = (
			);
			runOnlyForDeploymentPostprocessing = 0;
		};
		F48743C1287A9D69005FC5B9 /* Frameworks */ = {
			isa = PBXFrameworksBuildPhase;
			buildActionMask = 2147483647;
			files = (
			);
			runOnlyForDeploymentPostprocessing = 0;
		};
		F48743CB287A9D69005FC5B9 /* Frameworks */ = {
			isa = PBXFrameworksBuildPhase;
			buildActionMask = 2147483647;
			files = (
			);
			runOnlyForDeploymentPostprocessing = 0;
		};
/* End PBXFrameworksBuildPhase section */

/* Begin PBXGroup section */
		F48743A5287A9D67005FC5B9 = {
			isa = PBXGroup;
			children = (
				F48743B0287A9D67005FC5B9 /* CollectionViewDemo */,
				F48743C7287A9D69005FC5B9 /* CollectionViewDemoTests */,
				F48743D1287A9D69005FC5B9 /* CollectionViewDemoUITests */,
				F48743AF287A9D67005FC5B9 /* Products */,
			);
			sourceTree = "<group>";
		};
		F48743AF287A9D67005FC5B9 /* Products */ = {
			isa = PBXGroup;
			children = (
				F48743AE287A9D67005FC5B9 /* CollectionViewDemo.app */,
				F48743C4287A9D69005FC5B9 /* CollectionViewDemoTests.xctest */,
				F48743CE287A9D69005FC5B9 /* CollectionViewDemoUITests.xctest */,
			);
			name = Products;
			sourceTree = "<group>";
		};
		F48743B0287A9D67005FC5B9 /* CollectionViewDemo */ = {
			isa = PBXGroup;
			children = (
				F48743B1287A9D67005FC5B9 /* AppDelegate.swift */,
				F48743E8287C574F005FC5B9 /* SceneDelegate.swift */,
				F48743B5287A9D67005FC5B9 /* ViewController.swift */,
				F48743E1287A9E87005FC5B9 /* MyCollectionViewCell.swift */,
				F48743B7287A9D67005FC5B9 /* Main.storyboard */,
				F48743BA287A9D69005FC5B9 /* Assets.xcassets */,
				F48743BC287A9D69005FC5B9 /* LaunchScreen.storyboard */,
				F48743BF287A9D69005FC5B9 /* Info.plist */,
			);
			path = CollectionViewDemo;
			sourceTree = "<group>";
		};
		F48743C7287A9D69005FC5B9 /* CollectionViewDemoTests */ = {
			isa = PBXGroup;
			children = (
				F48743E5287C495B005FC5B9 /* CollectionViewTests.swift */,
			);
			path = CollectionViewDemoTests;
			sourceTree = "<group>";
		};
		F48743D1287A9D69005FC5B9 /* CollectionViewDemoUITests */ = {
			isa = PBXGroup;
			children = (
				F48743D2287A9D69005FC5B9 /* CollectionViewDemoUITests.swift */,
				F48743D4287A9D69005FC5B9 /* CollectionViewDemoUITestsLaunchTests.swift */,
			);
			path = CollectionViewDemoUITests;
			sourceTree = "<group>";
		};
/* End PBXGroup section */

/* Begin PBXNativeTarget section */
		F48743AD287A9D67005FC5B9 /* CollectionViewDemo */ = {
			isa = PBXNativeTarget;
			buildConfigurationList = F48743D8287A9D69005FC5B9 /* Build configuration list for PBXNativeTarget "CollectionViewDemo" */;
			buildPhases = (
				F48743AA287A9D67005FC5B9 /* Sources */,
				F48743AB287A9D67005FC5B9 /* Frameworks */,
				F48743AC287A9D67005FC5B9 /* Resources */,
			);
			buildRules = (
			);
			dependencies = (
			);
			name = CollectionViewDemo;
			productName = CollectionViewDemo;
			productReference = F48743AE287A9D67005FC5B9 /* CollectionViewDemo.app */;
			productType = "com.apple.product-type.application";
		};
		F48743C3287A9D69005FC5B9 /* CollectionViewDemoTests */ = {
			isa = PBXNativeTarget;
			buildConfigurationList = F48743DB287A9D69005FC5B9 /* Build configuration list for PBXNativeTarget "CollectionViewDemoTests" */;
			buildPhases = (
				F48743C0287A9D69005FC5B9 /* Sources */,
				F48743C1287A9D69005FC5B9 /* Frameworks */,
				F48743C2287A9D69005FC5B9 /* Resources */,
			);
			buildRules = (
			);
			dependencies = (
				F48743C6287A9D69005FC5B9 /* PBXTargetDependency */,
			);
			name = CollectionViewDemoTests;
			productName = CollectionViewDemoTests;
			productReference = F48743C4287A9D69005FC5B9 /* CollectionViewDemoTests.xctest */;
			productType = "com.apple.product-type.bundle.unit-test";
		};
		F48743CD287A9D69005FC5B9 /* CollectionViewDemoUITests */ = {
			isa = PBXNativeTarget;
			buildConfigurationList = F48743DE287A9D69005FC5B9 /* Build configuration list for PBXNativeTarget "CollectionViewDemoUITests" */;
			buildPhases = (
				F48743CA287A9D69005FC5B9 /* Sources */,
				F48743CB287A9D69005FC5B9 /* Frameworks */,
				F48743CC287A9D69005FC5B9 /* Resources */,
			);
			buildRules = (
			);
			dependencies = (
				F48743D0287A9D69005FC5B9 /* PBXTargetDependency */,
			);
			name = CollectionViewDemoUITests;
			productName = CollectionViewDemoUITests;
			productReference = F48743CE287A9D69005FC5B9 /* CollectionViewDemoUITests.xctest */;
			productType = "com.apple.product-type.bundle.ui-testing";
		};
/* End PBXNativeTarget section */

/* Begin PBXProject section */
		F48743A6287A9D67005FC5B9 /* Project object */ = {
			isa = PBXProject;
			attributes = {
				BuildIndependentTargetsInParallel = 1;
				LastSwiftUpdateCheck = 1320;
				LastUpgradeCheck = 1320;
				TargetAttributes = {
					F48743AD287A9D67005FC5B9 = {
						CreatedOnToolsVersion = 13.2.1;
					};
					F48743C3287A9D69005FC5B9 = {
						CreatedOnToolsVersion = 13.2.1;
						TestTargetID = F48743AD287A9D67005FC5B9;
					};
					F48743CD287A9D69005FC5B9 = {
						CreatedOnToolsVersion = 13.2.1;
						TestTargetID = F48743AD287A9D67005FC5B9;
					};
				};
			};
			buildConfigurationList = F48743A9287A9D67005FC5B9 /* Build configuration list for PBXProject "CollectionViewDemo" */;
			compatibilityVersion = "Xcode 13.0";
			developmentRegion = en;
			hasScannedForEncodings = 0;
			knownRegions = (
				en,
				Base,
			);
			mainGroup = F48743A5287A9D67005FC5B9;
			productRefGroup = F48743AF287A9D67005FC5B9 /* Products */;
			projectDirPath = "";
			projectRoot = "";
			targets = (
				F48743AD287A9D67005FC5B9 /* CollectionViewDemo */,
				F48743C3287A9D69005FC5B9 /* CollectionViewDemoTests */,
				F48743CD287A9D69005FC5B9 /* CollectionViewDemoUITests */,
			);
		};
/* End PBXProject section */

/* Begin PBXResourcesBuildPhase section */
		F48743AC287A9D67005FC5B9 /* Resources */ = {
			isa = PBXResourcesBuildPhase;
			buildActionMask = 2147483647;
			files = (
				F48743BE287A9D69005FC5B9 /* LaunchScreen.storyboard in Resources */,
				F48743BB287A9D69005FC5B9 /* Assets.xcassets in Resources */,
				F48743B9287A9D67005FC5B9 /* Main.storyboard in Resources */,
			);
			runOnlyForDeploymentPostprocessing = 0;
		};
		F48743C2287A9D69005FC5B9 /* Resources */ = {
			isa = PBXResourcesBuildPhase;
			buildActionMask = 2147483647;
			files = (
			);
			runOnlyForDeploymentPostprocessing = 0;
		};
		F48743CC287A9D69005FC5B9 /* Resources */ = {
			isa = PBXResourcesBuildPhase;
			buildActionMask = 2147483647;
			files = (
			);
			runOnlyForDeploymentPostprocessing = 0;
		};
/* End PBXResourcesBuildPhase section */

/* Begin PBXSourcesBuildPhase section */
		F48743AA287A9D67005FC5B9 /* Sources */ = {
			isa = PBXSourcesBuildPhase;
			buildActionMask = 2147483647;
			files = (
				F48743B6287A9D67005FC5B9 /* ViewController.swift in Sources */,
				F48743B2287A9D67005FC5B9 /* AppDelegate.swift in Sources */,
				F48743E2287A9E87005FC5B9 /* MyCollectionViewCell.swift in Sources */,
				F48743E9287C574F005FC5B9 /* SceneDelegate.swift in Sources */,
			);
			runOnlyForDeploymentPostprocessing = 0;
		};
		F48743C0287A9D69005FC5B9 /* Sources */ = {
			isa = PBXSourcesBuildPhase;
			buildActionMask = 2147483647;
			files = (
				F48743E6287C495B005FC5B9 /* CollectionViewTests.swift in Sources */,
			);
			runOnlyForDeploymentPostprocessing = 0;
		};
		F48743CA287A9D69005FC5B9 /* Sources */ = {
			isa = PBXSourcesBuildPhase;
			buildActionMask = 2147483647;
			files = (
				F48743D5287A9D69005FC5B9 /* CollectionViewDemoUITestsLaunchTests.swift in Sources */,
				F48743D3287A9D69005FC5B9 /* CollectionViewDemoUITests.swift in Sources */,
			);
			runOnlyForDeploymentPostprocessing = 0;
		};
/* End PBXSourcesBuildPhase section */

/* Begin PBXTargetDependency section */
		F48743C6287A9D69005FC5B9 /* PBXTargetDependency */ = {
			isa = PBXTargetDependency;
			target = F48743AD287A9D67005FC5B9 /* CollectionViewDemo */;
			targetProxy = F48743C5287A9D69005FC5B9 /* PBXContainerItemProxy */;
		};
		F48743D0287A9D69005FC5B9 /* PBXTargetDependency */ = {
			isa = PBXTargetDependency;
			target = F48743AD287A9D67005FC5B9 /* CollectionViewDemo */;
			targetProxy = F48743CF287A9D69005FC5B9 /* PBXContainerItemProxy */;
		};
/* End PBXTargetDependency section */

/* Begin PBXVariantGroup section */
		F48743B7287A9D67005FC5B9 /* Main.storyboard */ = {
			isa = PBXVariantGroup;
			children = (
				F48743B8287A9D67005FC5B9 /* Base */,
			);
			name = Main.storyboard;
			sourceTree = "<group>";
		};
		F48743BC287A9D69005FC5B9 /* LaunchScreen.storyboard */ = {
			isa = PBXVariantGroup;
			children = (
				F48743BD287A9D69005FC5B9 /* Base */,
			);
			name = LaunchScreen.storyboard;
			sourceTree = "<group>";
		};
/* End PBXVariantGroup section */

/* Begin XCBuildConfiguration section */
		F48743D6287A9D69005FC5B9 /* Debug */ = {
			isa = XCBuildConfiguration;
			buildSettings = {
				ALWAYS_SEARCH_USER_PATHS = NO;
				CLANG_ANALYZER_NONNULL = YES;
				CLANG_ANALYZER_NUMBER_OBJECT_CONVERSION = YES_AGGRESSIVE;
				CLANG_CXX_LANGUAGE_STANDARD = "gnu++17";
				CLANG_CXX_LIBRARY = "libc++";
				CLANG_ENABLE_MODULES = YES;
				CLANG_ENABLE_OBJC_ARC = YES;
				CLANG_ENABLE_OBJC_WEAK = YES;
				CLANG_WARN_BLOCK_CAPTURE_AUTORELEASING = YES;
				CLANG_WARN_BOOL_CONVERSION = YES;
				CLANG_WARN_COMMA = YES;
				CLANG_WARN_CONSTANT_CONVERSION = YES;
				CLANG_WARN_DEPRECATED_OBJC_IMPLEMENTATIONS = YES;
				CLANG_WARN_DIRECT_OBJC_ISA_USAGE = YES_ERROR;
				CLANG_WARN_DOCUMENTATION_COMMENTS = YES;
				CLANG_WARN_EMPTY_BODY = YES;
				CLANG_WARN_ENUM_CONVERSION = YES;
				CLANG_WARN_INFINITE_RECURSION = YES;
				CLANG_WARN_INT_CONVERSION = YES;
				CLANG_WARN_NON_LITERAL_NULL_CONVERSION = YES;
				CLANG_WARN_OBJC_IMPLICIT_RETAIN_SELF = YES;
				CLANG_WARN_OBJC_LITERAL_CONVERSION = YES;
				CLANG_WARN_OBJC_ROOT_CLASS = YES_ERROR;
				CLANG_WARN_QUOTED_INCLUDE_IN_FRAMEWORK_HEADER = YES;
				CLANG_WARN_RANGE_LOOP_ANALYSIS = YES;
				CLANG_WARN_STRICT_PROTOTYPES = YES;
				CLANG_WARN_SUSPICIOUS_MOVE = YES;
				CLANG_WARN_UNGUARDED_AVAILABILITY = YES_AGGRESSIVE;
				CLANG_WARN_UNREACHABLE_CODE = YES;
				CLANG_WARN__DUPLICATE_METHOD_MATCH = YES;
				COPY_PHASE_STRIP = NO;
				DEBUG_INFORMATION_FORMAT = dwarf;
				ENABLE_STRICT_OBJC_MSGSEND = YES;
				ENABLE_TESTABILITY = YES;
				GCC_C_LANGUAGE_STANDARD = gnu11;
				GCC_DYNAMIC_NO_PIC = NO;
				GCC_NO_COMMON_BLOCKS = YES;
				GCC_OPTIMIZATION_LEVEL = 0;
				GCC_PREPROCESSOR_DEFINITIONS = (
					"DEBUG=1",
					"$(inherited)",
				);
				GCC_WARN_64_TO_32_BIT_CONVERSION = YES;
				GCC_WARN_ABOUT_RETURN_TYPE = YES_ERROR;
				GCC_WARN_UNDECLARED_SELECTOR = YES;
				GCC_WARN_UNINITIALIZED_AUTOS = YES_AGGRESSIVE;
				GCC_WARN_UNUSED_FUNCTION = YES;
				GCC_WARN_UNUSED_VARIABLE = YES;
				IPHONEOS_DEPLOYMENT_TARGET = 15.2;
				MTL_ENABLE_DEBUG_INFO = INCLUDE_SOURCE;
				MTL_FAST_MATH = YES;
				ONLY_ACTIVE_ARCH = YES;
				SDKROOT = iphoneos;
				SWIFT_ACTIVE_COMPILATION_CONDITIONS = DEBUG;
				SWIFT_OPTIMIZATION_LEVEL = "-Onone";
			};
			name = Debug;
		};
		F48743D7287A9D69005FC5B9 /* Release */ = {
			isa = XCBuildConfiguration;
			buildSettings = {
				ALWAYS_SEARCH_USER_PATHS = NO;
				CLANG_ANALYZER_NONNULL = YES;
				CLANG_ANALYZER_NUMBER_OBJECT_CONVERSION = YES_AGGRESSIVE;
				CLANG_CXX_LANGUAGE_STANDARD = "gnu++17";
				CLANG_CXX_LIBRARY = "libc++";
				CLANG_ENABLE_MODULES = YES;
				CLANG_ENABLE_OBJC_ARC = YES;
				CLANG_ENABLE_OBJC_WEAK = YES;
				CLANG_WARN_BLOCK_CAPTURE_AUTORELEASING = YES;
				CLANG_WARN_BOOL_CONVERSION = YES;
				CLANG_WARN_COMMA = YES;
				CLANG_WARN_CONSTANT_CONVERSION = YES;
				CLANG_WARN_DEPRECATED_OBJC_IMPLEMENTATIONS = YES;
				CLANG_WARN_DIRECT_OBJC_ISA_USAGE = YES_ERROR;
				CLANG_WARN_DOCUMENTATION_COMMENTS = YES;
				CLANG_WARN_EMPTY_BODY = YES;
				CLANG_WARN_ENUM_CONVERSION = YES;
				CLANG_WARN_INFINITE_RECURSION = YES;
				CLANG_WARN_INT_CONVERSION = YES;
				CLANG_WARN_NON_LITERAL_NULL_CONVERSION = YES;
				CLANG_WARN_OBJC_IMPLICIT_RETAIN_SELF = YES;
				CLANG_WARN_OBJC_LITERAL_CONVERSION = YES;
				CLANG_WARN_OBJC_ROOT_CLASS = YES_ERROR;
				CLANG_WARN_QUOTED_INCLUDE_IN_FRAMEWORK_HEADER = YES;
				CLANG_WARN_RANGE_LOOP_ANALYSIS = YES;
				CLANG_WARN_STRICT_PROTOTYPES = YES;
				CLANG_WARN_SUSPICIOUS_MOVE = YES;
				CLANG_WARN_UNGUARDED_AVAILABILITY = YES_AGGRESSIVE;
				CLANG_WARN_UNREACHABLE_CODE = YES;
				CLANG_WARN__DUPLICATE_METHOD_MATCH = YES;
				COPY_PHASE_STRIP = NO;
				DEBUG_INFORMATION_FORMAT = "dwarf-with-dsym";
				ENABLE_NS_ASSERTIONS = NO;
				ENABLE_STRICT_OBJC_MSGSEND = YES;
				GCC_C_LANGUAGE_STANDARD = gnu11;
				GCC_NO_COMMON_BLOCKS = YES;
				GCC_WARN_64_TO_32_BIT_CONVERSION = YES;
				GCC_WARN_ABOUT_RETURN_TYPE = YES_ERROR;
				GCC_WARN_UNDECLARED_SELECTOR = YES;
				GCC_WARN_UNINITIALIZED_AUTOS = YES_AGGRESSIVE;
				GCC_WARN_UNUSED_FUNCTION = YES;
				GCC_WARN_UNUSED_VARIABLE = YES;
				IPHONEOS_DEPLOYMENT_TARGET = 15.2;
				MTL_ENABLE_DEBUG_INFO = NO;
				MTL_FAST_MATH = YES;
				SDKROOT = iphoneos;
				SWIFT_COMPILATION_MODE = wholemodule;
				SWIFT_OPTIMIZATION_LEVEL = "-O";
				VALIDATE_PRODUCT = YES;
			};
			name = Release;
		};
		F48743D9287A9D69005FC5B9 /* Debug */ = {
			isa = XCBuildConfiguration;
			buildSettings = {
				ASSETCATALOG_COMPILER_APPICON_NAME = AppIcon;
				ASSETCATALOG_COMPILER_GLOBAL_ACCENT_COLOR_NAME = AccentColor;
				CODE_SIGN_STYLE = Automatic;
				CURRENT_PROJECT_VERSION = 1;
				GENERATE_INFOPLIST_FILE = YES;
				INFOPLIST_FILE = CollectionViewDemo/Info.plist;
				INFOPLIST_KEY_UIApplicationSupportsIndirectInputEvents = YES;
				INFOPLIST_KEY_UILaunchStoryboardName = LaunchScreen;
				INFOPLIST_KEY_UIMainStoryboardFile = Main;
				INFOPLIST_KEY_UISupportedInterfaceOrientations_iPad = "UIInterfaceOrientationPortrait UIInterfaceOrientationPortraitUpsideDown UIInterfaceOrientationLandscapeLeft UIInterfaceOrientationLandscapeRight";
				INFOPLIST_KEY_UISupportedInterfaceOrientations_iPhone = "UIInterfaceOrientationPortrait UIInterfaceOrientationLandscapeLeft UIInterfaceOrientationLandscapeRight";
				LD_RUNPATH_SEARCH_PATHS = (
					"$(inherited)",
					"@executable_path/Frameworks",
				);
				MARKETING_VERSION = 1.0;
				PRODUCT_BUNDLE_IDENTIFIER = com.netnautix.collectionView.CollectionViewDemo;
				PRODUCT_NAME = "$(TARGET_NAME)";
				SWIFT_EMIT_LOC_STRINGS = YES;
				SWIFT_VERSION = 5.0;
				TARGETED_DEVICE_FAMILY = "1,2";
			};
			name = Debug;
		};
		F48743DA287A9D69005FC5B9 /* Release */ = {
			isa = XCBuildConfiguration;
			buildSettings = {
				ASSETCATALOG_COMPILER_APPICON_NAME = AppIcon;
				ASSETCATALOG_COMPILER_GLOBAL_ACCENT_COLOR_NAME = AccentColor;
				CODE_SIGN_STYLE = Automatic;
				CURRENT_PROJECT_VERSION = 1;
				GENERATE_INFOPLIST_FILE = YES;
				INFOPLIST_FILE = CollectionViewDemo/Info.plist;
				INFOPLIST_KEY_UIApplicationSupportsIndirectInputEvents = YES;
				INFOPLIST_KEY_UILaunchStoryboardName = LaunchScreen;
				INFOPLIST_KEY_UIMainStoryboardFile = Main;
				INFOPLIST_KEY_UISupportedInterfaceOrientations_iPad = "UIInterfaceOrientationPortrait UIInterfaceOrientationPortraitUpsideDown UIInterfaceOrientationLandscapeLeft UIInterfaceOrientationLandscapeRight";
				INFOPLIST_KEY_UISupportedInterfaceOrientations_iPhone = "UIInterfaceOrientationPortrait UIInterfaceOrientationLandscapeLeft UIInterfaceOrientationLandscapeRight";
				LD_RUNPATH_SEARCH_PATHS = (
					"$(inherited)",
					"@executable_path/Frameworks",
				);
				MARKETING_VERSION = 1.0;
				PRODUCT_BUNDLE_IDENTIFIER = com.netnautix.collectionView.CollectionViewDemo;
				PRODUCT_NAME = "$(TARGET_NAME)";
				SWIFT_EMIT_LOC_STRINGS = YES;
				SWIFT_VERSION = 5.0;
				TARGETED_DEVICE_FAMILY = "1,2";
			};
			name = Release;
		};
		F48743DC287A9D69005FC5B9 /* Debug */ = {
			isa = XCBuildConfiguration;
			buildSettings = {
				ALWAYS_EMBED_SWIFT_STANDARD_LIBRARIES = YES;
				BUNDLE_LOADER = "$(TEST_HOST)";
				CODE_SIGN_STYLE = Automatic;
				CURRENT_PROJECT_VERSION = 1;
				GENERATE_INFOPLIST_FILE = YES;
				IPHONEOS_DEPLOYMENT_TARGET = 15.2;
				MARKETING_VERSION = 1.0;
				PRODUCT_BUNDLE_IDENTIFIER = com.netnautix.collectionView.CollectionViewDemoTests;
				PRODUCT_NAME = "$(TARGET_NAME)";
				SWIFT_EMIT_LOC_STRINGS = NO;
				SWIFT_VERSION = 5.0;
				TARGETED_DEVICE_FAMILY = "1,2";
				TEST_HOST = "$(BUILT_PRODUCTS_DIR)/CollectionViewDemo.app/CollectionViewDemo";
			};
			name = Debug;
		};
		F48743DD287A9D69005FC5B9 /* Release */ = {
			isa = XCBuildConfiguration;
			buildSettings = {
				ALWAYS_EMBED_SWIFT_STANDARD_LIBRARIES = YES;
				BUNDLE_LOADER = "$(TEST_HOST)";
				CODE_SIGN_STYLE = Automatic;
				CURRENT_PROJECT_VERSION = 1;
				GENERATE_INFOPLIST_FILE = YES;
				IPHONEOS_DEPLOYMENT_TARGET = 15.2;
				MARKETING_VERSION = 1.0;
				PRODUCT_BUNDLE_IDENTIFIER = com.netnautix.collectionView.CollectionViewDemoTests;
				PRODUCT_NAME = "$(TARGET_NAME)";
				SWIFT_EMIT_LOC_STRINGS = NO;
				SWIFT_VERSION = 5.0;
				TARGETED_DEVICE_FAMILY = "1,2";
				TEST_HOST = "$(BUILT_PRODUCTS_DIR)/CollectionViewDemo.app/CollectionViewDemo";
			};
			name = Release;
		};
		F48743DF287A9D69005FC5B9 /* Debug */ = {
			isa = XCBuildConfiguration;
			buildSettings = {
				ALWAYS_EMBED_SWIFT_STANDARD_LIBRARIES = YES;
				CODE_SIGN_STYLE = Automatic;
				CURRENT_PROJECT_VERSION = 1;
				GENERATE_INFOPLIST_FILE = YES;
				MARKETING_VERSION = 1.0;
				PRODUCT_BUNDLE_IDENTIFIER = com.netnautix.collectionView.CollectionViewDemoUITests;
				PRODUCT_NAME = "$(TARGET_NAME)";
				SWIFT_EMIT_LOC_STRINGS = NO;
				SWIFT_VERSION = 5.0;
				TARGETED_DEVICE_FAMILY = "1,2";
				TEST_TARGET_NAME = CollectionViewDemo;
			};
			name = Debug;
		};
		F48743E0287A9D69005FC5B9 /* Release */ = {
			isa = XCBuildConfiguration;
			buildSettings = {
				ALWAYS_EMBED_SWIFT_STANDARD_LIBRARIES = YES;
				CODE_SIGN_STYLE = Automatic;
				CURRENT_PROJECT_VERSION = 1;
				GENERATE_INFOPLIST_FILE = YES;
				MARKETING_VERSION = 1.0;
				PRODUCT_BUNDLE_IDENTIFIER = com.netnautix.collectionView.CollectionViewDemoUITests;
				PRODUCT_NAME = "$(TARGET_NAME)";
				SWIFT_EMIT_LOC_STRINGS = NO;
				SWIFT_VERSION = 5.0;
				TARGETED_DEVICE_FAMILY = "1,2";
				TEST_TARGET_NAME = CollectionViewDemo;
			};
			name = Release;
		};
/* End XCBuildConfiguration section */

/* Begin XCConfigurationList section */
		F48743A9287A9D67005FC5B9 /* Build configuration list for PBXProject "CollectionViewDemo" */ = {
			isa = XCConfigurationList;
			buildConfigurations = (
				F48743D6287A9D69005FC5B9 /* Debug */,
				F48743D7287A9D69005FC5B9 /* Release */,
			);
			defaultConfigurationIsVisible = 0;
			defaultConfigurationName = Release;
		};
		F48743D8287A9D69005FC5B9 /* Build configuration list for PBXNativeTarget "CollectionViewDemo" */ = {
			isa = XCConfigurationList;
			buildConfigurations = (
				F48743D9287A9D69005FC5B9 /* Debug */,
				F48743DA287A9D69005FC5B9 /* Release */,
			);
			defaultConfigurationIsVisible = 0;
			defaultConfigurationName = Release;
		};
		F48743DB287A9D69005FC5B9 /* Build configuration list for PBXNativeTarget "CollectionViewDemoTests" */ = {
			isa = XCConfigurationList;
			buildConfigurations = (
				F48743DC287A9D69005FC5B9 /* Debug */,
				F48743DD287A9D69005FC5B9 /* Release */,
			);
			defaultConfigurationIsVisible = 0;
			defaultConfigurationName = Release;
		};
		F48743DE287A9D69005FC5B9 /* Build configuration list for PBXNativeTarget "CollectionViewDemoUITests" */ = {
			isa = XCConfigurationList;
			buildConfigurations = (
				F48743DF287A9D69005FC5B9 /* Debug */,
				F48743E0287A9D69005FC5B9 /* Release */,
			);
			defaultConfigurationIsVisible = 0;
			defaultConfigurationName = Release;
		};
/* End XCConfigurationList section */
	};
	rootObject = F48743A6287A9D67005FC5B9 /* Project object */;
}
